
Microsoft Visual Studio Solution File, Format Version 12.00
# Visual Studio Version 17
VisualStudioVersion = 17.11.35431.28
MinimumVisualStudioVersion = 10.0.40219.1
Project("{FAE04EC0-301F-11D3-BF4B-00C04F79EFBC}") = "Final OOP Assignment", "Final OOP Assignment.csproj", "{C42ECF41-A75F-4840-8214-F63F922CDBE1}"
EndProject
Global
	GlobalSection(SolutionConfigurationPlatforms) = preSolution
		Debug|Any CPU = Debug|Any CPU
		Release|Any CPU = Release|Any CPU
	EndGlobalSection
	GlobalSection(ProjectConfigurationPlatforms) = postSolution
		{C42ECF41-A75F-4840-8214-F63F922CDBE1}.Debug|Any CPU.ActiveCfg = Debug|Any CPU
		{C42ECF41-A75F-4840-8214-F63F922CDBE1}.Debug|Any CPU.Build.0 = Debug|Any CPU
		{C42ECF41-A75F-4840-8214-F63F922CDBE1}.Release|Any CPU.ActiveCfg = Release|Any CPU
		{C42ECF41-A75F-4840-8214-F63F922CDBE1}.Release|Any CPU.Build.0 = Release|Any CPU
	EndGlobalSection
	GlobalSection(SolutionProperties) = preSolution
		HideSolutionNode = FALSE
	EndGlobalSection
	GlobalSection(ExtensibilityGlobals) = postSolution
		SolutionGuid = {0EDE99FB-5FFA-493B-8A4F-8374673A0260}
	EndGlobalSection
EndGlobal
